
Microsoft Visual Studio Solution File, Format Version 12.00
# Visual Studio Version 17
VisualStudioVersion = 17.5.002.0
MinimumVisualStudioVersion = 10.0.40219.1
Project("{9A19103F-16F7-4668-BE54-9A1E7A4F7556}") = "habit-tracker-wasm", "habit-tracker-wasm.csproj", "{59D9DB03-462D-42DB-9D77-D91B3EFF2CF7}"
EndProject
Global
	GlobalSection(SolutionConfigurationPlatforms) = preSolution
		Debug|Any CPU = Debug|Any CPU
		Release|Any CPU = Release|Any CPU
	EndGlobalSection
	GlobalSection(ProjectConfigurationPlatforms) = postSolution
		{59D9DB03-462D-42DB-9D77-D91B3EFF2CF7}.Debug|Any CPU.ActiveCfg = Debug|Any CPU
		{59D9DB03-462D-42DB-9D77-D91B3EFF2CF7}.Debug|Any CPU.Build.0 = Debug|Any CPU
		{59D9DB03-462D-42DB-9D77-D91B3EFF2CF7}.Release|Any CPU.ActiveCfg = Release|Any CPU
		{59D9DB03-462D-42DB-9D77-D91B3EFF2CF7}.Release|Any CPU.Build.0 = Release|Any CPU
	EndGlobalSection
	GlobalSection(SolutionProperties) = preSolution
		HideSolutionNode = FALSE
	EndGlobalSection
	GlobalSection(ExtensibilityGlobals) = postSolution
		SolutionGuid = {497A80B1-4D24-4265-B6A3-460319BF969F}
	EndGlobalSection
EndGlobal
