
Microsoft Visual Studio Solution File, Format Version 12.00
# Visual Studio Version 17
VisualStudioVersion = 17.5.002.0
MinimumVisualStudioVersion = 10.0.40219.1
Project("{9A19103F-16F7-4668-BE54-9A1E7A4F7556}") = "backend", "backend.csproj", "{B0AA5F9A-4551-437A-B5EE-DD58F21B02D0}"
EndProject
Global
	GlobalSection(SolutionConfigurationPlatforms) = preSolution
		Debug|Any CPU = Debug|Any CPU
		Release|Any CPU = Release|Any CPU
	EndGlobalSection
	GlobalSection(ProjectConfigurationPlatforms) = postSolution
		{B0AA5F9A-4551-437A-B5EE-DD58F21B02D0}.Debug|Any CPU.ActiveCfg = Debug|Any CPU
		{B0AA5F9A-4551-437A-B5EE-DD58F21B02D0}.Debug|Any CPU.Build.0 = Debug|Any CPU
		{B0AA5F9A-4551-437A-B5EE-DD58F21B02D0}.Release|Any CPU.ActiveCfg = Release|Any CPU
		{B0AA5F9A-4551-437A-B5EE-DD58F21B02D0}.Release|Any CPU.Build.0 = Release|Any CPU
	EndGlobalSection
	GlobalSection(SolutionProperties) = preSolution
		HideSolutionNode = FALSE
	EndGlobalSection
	GlobalSection(ExtensibilityGlobals) = postSolution
		SolutionGuid = {85ECA72D-FCF0-4618-B37E-09CE36D1CF33}
	EndGlobalSection
EndGlobal
